
Microsoft Visual Studio Solution File, Format Version 12.00
# Visual Studio 15
VisualStudioVersion = 15.0.28307.168
MinimumVisualStudioVersion = 10.0.40219.1
Project("{FAE04EC0-301F-11D3-BF4B-00C04F79EFBC}") = "CmsAdmin", "CmsAdmin\CmsAdmin.csproj", "{4E889893-0DDC-4B98-95D3-E8D306CACD32}"
EndProject
Global
	GlobalSection(SolutionConfigurationPlatforms) = preSolution
		Debug|Any CPU = Debug|Any CPU
		Release|Any CPU = Release|Any CPU
	EndGlobalSection
	GlobalSection(ProjectConfigurationPlatforms) = postSolution
		{4E889893-0DDC-4B98-95D3-E8D306CACD32}.Debug|Any CPU.ActiveCfg = Debug|Any CPU
		{4E889893-0DDC-4B98-95D3-E8D306CACD32}.Debug|Any CPU.Build.0 = Debug|Any CPU
		{4E889893-0DDC-4B98-95D3-E8D306CACD32}.Release|Any CPU.ActiveCfg = Release|Any CPU
		{4E889893-0DDC-4B98-95D3-E8D306CACD32}.Release|Any CPU.Build.0 = Release|Any CPU
	EndGlobalSection
	GlobalSection(SolutionProperties) = preSolution
		HideSolutionNode = FALSE
	EndGlobalSection
	GlobalSection(ExtensibilityGlobals) = postSolution
		SolutionGuid = {C588F9CC-29EA-4DC9-B0B6-D30A0DE33A84}
	EndGlobalSection
EndGlobal
